[[dependencies]]
name = "@openzeppelin-contracts"
version = "5.2.0"
checksum = "58636789-e499-476b-a739-babd9843c794"
integrity = "58636789e499476ba739babd9843c794"

[[dependencies]]
name = "forge-std"
version = "1.9.4"
checksum = "979472f5-4ba3-47ea-ae46-923353a5bf51"
integrity = "979472f54ba347eaae46923353a5bf51"
